
Microsoft Visual Studio Solution File, Format Version 12.00
# Visual Studio Version 17
VisualStudioVersion = 17.6.33723.286
MinimumVisualStudioVersion = 10.0.40219.1
Project("{FAE04EC0-301F-11D3-BF4B-00C04F79EFBC}") = "WpfApp2", "WpfApp2.csproj", "{75BF9888-3EDD-45BF-AC89-82B4E1C0E83D}"
EndProject
Global
	GlobalSection(SolutionConfigurationPlatforms) = preSolution
		Debug|Any CPU = Debug|Any CPU
		Release|Any CPU = Release|Any CPU
	EndGlobalSection
	GlobalSection(ProjectConfigurationPlatforms) = postSolution
		{75BF9888-3EDD-45BF-AC89-82B4E1C0E83D}.Debug|Any CPU.ActiveCfg = Debug|Any CPU
		{75BF9888-3EDD-45BF-AC89-82B4E1C0E83D}.Debug|Any CPU.Build.0 = Debug|Any CPU
		{75BF9888-3EDD-45BF-AC89-82B4E1C0E83D}.Release|Any CPU.ActiveCfg = Release|Any CPU
		{75BF9888-3EDD-45BF-AC89-82B4E1C0E83D}.Release|Any CPU.Build.0 = Release|Any CPU
	EndGlobalSection
	GlobalSection(SolutionProperties) = preSolution
		HideSolutionNode = FALSE
	EndGlobalSection
	GlobalSection(ExtensibilityGlobals) = postSolution
		SolutionGuid = {8CEDA7D8-8663-484D-8125-8DC9791440DC}
	EndGlobalSection
EndGlobal
